GEM
  specs:
    language_server-protocol (3.17.0.3)
    prettier_print (1.2.1)
    ruby-lsp (0.10.1)
      language_server-protocol (~> 3.17.0)
      sorbet-runtime
      syntax_tree (>= 6.1.1, < 7)
      yarp (>= 0.11, < 0.12)
    sorbet-runtime (0.5.11026)
    syntax_tree (6.1.1)
      prettier_print (>= 1.2.0)
    yarp (0.11.0)

PLATFORMS
  x86_64-linux

DEPENDENCIES
  ruby-lsp

BUNDLED WITH
   2.4.19
